schema: '2.0'
stages:
  data_ingestion:
    cmd: python src/data/data_ingestion.py
    deps:
    - path: src/data/data_ingestion.py
      hash: md5
      md5: f50380e97b9d68eb14afdc02ce1233ff
      size: 3581
    params:
      params.yaml:
        data_ingestion.test_size: 0.2
    outs:
    - path: data/raw
      hash: md5
      md5: 0ed54922d38a62d4a4b72336e31d588b.dir
      size: 659100
      nfiles: 2
  data_preprocessing:
    cmd: python src/data/data_preprocessing.py
    deps:
    - path: data/raw
      hash: md5
      md5: 0ed54922d38a62d4a4b72336e31d588b.dir
      size: 659100
      nfiles: 2
    - path: src/data/data_preprocessing.py
      hash: md5
      md5: 9c5f9a7a46821eb6f35548d0ddd21108
      size: 3040
    outs:
    - path: data/interim
      hash: md5
      md5: 942a06febd0cf7688fc11da902e9ecbe.dir
      size: 353069
      nfiles: 2
  feature_engineering:
    cmd: python src/features/feature_engineering.py
    deps:
    - path: data/interim
      hash: md5
      md5: 942a06febd0cf7688fc11da902e9ecbe.dir
      size: 353069
      nfiles: 2
    - path: src/features/feature_engineering.py
      hash: md5
      md5: 81b1b4ed5880ae2da9619b38e4122deb
      size: 3914
    params:
      params.yaml:
        feature_engineering.max_features: 50
    outs:
    - path: data/processed
      hash: md5
      md5: 9ecab8fa4440b6f5d6044247f14741df.dir
      size: 51794
      nfiles: 2
    - path: models/vectorizer.pkl
      hash: md5
      md5: c0bef3bea5ad0c3345eec356b042d863
      size: 30808
  model_building:
    cmd: python src/model/model_building.py
    deps:
    - path: data/processed
      hash: md5
      md5: 9ecab8fa4440b6f5d6044247f14741df.dir
      size: 51794
      nfiles: 2
    - path: src/model/model_building.py
      hash: md5
      md5: 439e484ec6a05d7db43f88c117791dec
      size: 1721
    outs:
    - path: models/model.pkl
      hash: md5
      md5: d3e2d4b265aaa2369b1088fe58f261c2
      size: 1117
  model_evaluation:
    cmd: python src/model/model_evaluation.py
    deps:
    - path: models/model.pkl
      hash: md5
      md5: d3e2d4b265aaa2369b1088fe58f261c2
      size: 1117
    - path: src/model/model_evaluation.py
      hash: md5
      md5: 5a5a77fdafa06e7a92c7e5667164bfe6
      size: 5205
    outs:
    - path: reports/experiment_info.json
      hash: md5
      md5: 92495ed4ad71f593393f8d62eb98fa0b
      size: 82
  model_registration:
    cmd: python src/model/register_model.py
    deps:
    - path: reports/experiment_info.json
      hash: md5
      md5: 92495ed4ad71f593393f8d62eb98fa0b
      size: 82
    - path: src/model/register_model.py
      hash: md5
      md5: 7defbae0543a181bbc95b99dc28c264f
      size: 2711
